// !$*UTF8*$!
{
	archiveVersion = 1;
	classes = {
	};
	objectVersion = 50;
	objects = {

/* Begin PBXBuildFile section */
		698B253F5A0C63AD28F5B5EE /* Pods_TblRelayout_Swift.framework in Frameworks */ = {isa = PBXBuildFile; fileRef = 17638EFF0C9A042C57C6BE98 /* Pods_TblRelayout_Swift.framework */; };
		A88BDDEA21D5D317006A5262 /* AppDelegate.swift in Sources */ = {isa = PBXBuildFile; fileRef = A88BDDE921D5D317006A5262 /* AppDelegate.swift */; };
		A88BDDEC21D5D317006A5262 /* ViewController.swift in Sources */ = {isa = PBXBuildFile; fileRef = A88BDDEB21D5D317006A5262 /* ViewController.swift */; };
		A88BDDEF21D5D317006A5262 /* Main.storyboard in Resources */ = {isa = PBXBuildFile; fileRef = A88BDDED21D5D317006A5262 /* Main.storyboard */; };
		A88BDDF121D5D319006A5262 /* Assets.xcassets in Resources */ = {isa = PBXBuildFile; fileRef = A88BDDF021D5D319006A5262 /* Assets.xcassets */; };
		A88BDDF421D5D319006A5262 /* LaunchScreen.storyboard in Resources */ = {isa = PBXBuildFile; fileRef = A88BDDF221D5D319006A5262 /* LaunchScreen.storyboard */; };
		A88BDDFD21D5D52A006A5262 /* TTableViewCell.swift in Sources */ = {isa = PBXBuildFile; fileRef = A88BDDFB21D5D52A006A5262 /* TTableViewCell.swift */; };
		A88BDDFE21D5D52A006A5262 /* TTableViewCell.xib in Resources */ = {isa = PBXBuildFile; fileRef = A88BDDFC21D5D52A006A5262 /* TTableViewCell.xib */; };
		AC0BFA94221A989200006209 /* TblRelayout_SwiftTests.swift in Sources */ = {isa = PBXBuildFile; fileRef = AC0BFA93221A989200006209 /* TblRelayout_SwiftTests.swift */; };
		BF0FA87EA4B0D95031F978D7 /* Pods_TblRelayout_SwiftTests.framework in Frameworks */ = {isa = PBXBuildFile; fileRef = 7EED0268B50517B874F90931 /* Pods_TblRelayout_SwiftTests.framework */; };
/* End PBXBuildFile section */

/* Begin PBXContainerItemProxy section */
		AC0BFA96221A989200006209 /* PBXContainerItemProxy */ = {
			isa = PBXContainerItemProxy;
			containerPortal = A88BDDDE21D5D317006A5262 /* Project object */;
			proxyType = 1;
			remoteGlobalIDString = A88BDDE521D5D317006A5262;
			remoteInfo = "TblRelayout-Swift";
		};
/* End PBXContainerItemProxy section */

/* Begin PBXFileReference section */
		035E9447041C130FBE3EDEBD /* Pods-TblRelayout-Swift.debug.xcconfig */ = {isa = PBXFileReference; includeInIndex = 1; lastKnownFileType = text.xcconfig; name = "Pods-TblRelayout-Swift.debug.xcconfig"; path = "Pods/Target Support Files/Pods-TblRelayout-Swift/Pods-TblRelayout-Swift.debug.xcconfig"; sourceTree = "<group>"; };
		17638EFF0C9A042C57C6BE98 /* Pods_TblRelayout_Swift.framework */ = {isa = PBXFileReference; explicitFileType = wrapper.framework; includeInIndex = 0; path = Pods_TblRelayout_Swift.framework; sourceTree = BUILT_PRODUCTS_DIR; };
		7EED0268B50517B874F90931 /* Pods_TblRelayout_SwiftTests.framework */ = {isa = PBXFileReference; explicitFileType = wrapper.framework; includeInIndex = 0; path = Pods_TblRelayout_SwiftTests.framework; sourceTree = BUILT_PRODUCTS_DIR; };
		A355EA5563ED1E4D9A58161E /* Pods-TblRelayout-Swift.release.xcconfig */ = {isa = PBXFileReference; includeInIndex = 1; lastKnownFileType = text.xcconfig; name = "Pods-TblRelayout-Swift.release.xcconfig"; path = "Pods/Target Support Files/Pods-TblRelayout-Swift/Pods-TblRelayout-Swift.release.xcconfig"; sourceTree = "<group>"; };
		A65B35B6A67A55BDC13E5E7A /* Pods-TblRelayout-SwiftTests.release.xcconfig */ = {isa = PBXFileReference; includeInIndex = 1; lastKnownFileType = text.xcconfig; name = "Pods-TblRelayout-SwiftTests.release.xcconfig"; path = "Pods/Target Support Files/Pods-TblRelayout-SwiftTests/Pods-TblRelayout-SwiftTests.release.xcconfig"; sourceTree = "<group>"; };
		A88BDDE621D5D317006A5262 /* TblRelayout-Swift.app */ = {isa = PBXFileReference; explicitFileType = wrapper.application; includeInIndex = 0; path = "TblRelayout-Swift.app"; sourceTree = BUILT_PRODUCTS_DIR; };
		A88BDDE921D5D317006A5262 /* AppDelegate.swift */ = {isa = PBXFileReference; lastKnownFileType = sourcecode.swift; path = AppDelegate.swift; sourceTree = "<group>"; };
		A88BDDEB21D5D317006A5262 /* ViewController.swift */ = {isa = PBXFileReference; lastKnownFileType = sourcecode.swift; path = ViewController.swift; sourceTree = "<group>"; };
		A88BDDEE21D5D317006A5262 /* Base */ = {isa = PBXFileReference; lastKnownFileType = file.storyboard; name = Base; path = Base.lproj/Main.storyboard; sourceTree = "<group>"; };
		A88BDDF021D5D319006A5262 /* Assets.xcassets */ = {isa = PBXFileReference; lastKnownFileType = folder.assetcatalog; path = Assets.xcassets; sourceTree = "<group>"; };
		A88BDDF321D5D319006A5262 /* Base */ = {isa = PBXFileReference; lastKnownFileType = file.storyboard; name = Base; path = Base.lproj/LaunchScreen.storyboard; sourceTree = "<group>"; };
		A88BDDF521D5D319006A5262 /* Info.plist */ = {isa = PBXFileReference; lastKnownFileType = text.plist.xml; path = Info.plist; sourceTree = "<group>"; };
		A88BDDFB21D5D52A006A5262 /* TTableViewCell.swift */ = {isa = PBXFileReference; lastKnownFileType = sourcecode.swift; path = TTableViewCell.swift; sourceTree = "<group>"; };
		A88BDDFC21D5D52A006A5262 /* TTableViewCell.xib */ = {isa = PBXFileReference; lastKnownFileType = file.xib; path = TTableViewCell.xib; sourceTree = "<group>"; };
		AC0BFA91221A989200006209 /* TblRelayout-SwiftTests.xctest */ = {isa = PBXFileReference; explicitFileType = wrapper.cfbundle; includeInIndex = 0; path = "TblRelayout-SwiftTests.xctest"; sourceTree = BUILT_PRODUCTS_DIR; };
		AC0BFA93221A989200006209 /* TblRelayout_SwiftTests.swift */ = {isa = PBXFileReference; lastKnownFileType = sourcecode.swift; path = TblRelayout_SwiftTests.swift; sourceTree = "<group>"; };
		AC0BFA95221A989200006209 /* Info.plist */ = {isa = PBXFileReference; lastKnownFileType = text.plist.xml; path = Info.plist; sourceTree = "<group>"; };
		B01B9C9889C93B58AEE084D9 /* Pods-TblRelayout-SwiftTests.debug.xcconfig */ = {isa = PBXFileReference; includeInIndex = 1; lastKnownFileType = text.xcconfig; name = "Pods-TblRelayout-SwiftTests.debug.xcconfig"; path = "Pods/Target Support Files/Pods-TblRelayout-SwiftTests/Pods-TblRelayout-SwiftTests.debug.xcconfig"; sourceTree = "<group>"; };
/* End PBXFileReference section */

/* Begin PBXFrameworksBuildPhase section */
		A88BDDE321D5D317006A5262 /* Frameworks */ = {
			isa = PBXFrameworksBuildPhase;
			buildActionMask = 2147483647;
			files = (
				698B253F5A0C63AD28F5B5EE /* Pods_TblRelayout_Swift.framework in Frameworks */,
			);
			runOnlyForDeploymentPostprocessing = 0;
		};
		AC0BFA8E221A989200006209 /* Frameworks */ = {
			isa = PBXFrameworksBuildPhase;
			buildActionMask = 2147483647;
			files = (
				BF0FA87EA4B0D95031F978D7 /* Pods_TblRelayout_SwiftTests.framework in Frameworks */,
			);
			runOnlyForDeploymentPostprocessing = 0;
		};
/* End PBXFrameworksBuildPhase section */

/* Begin PBXGroup section */
		62285D84415D43650F040E33 /* Pods */ = {
			isa = PBXGroup;
			children = (
				035E9447041C130FBE3EDEBD /* Pods-TblRelayout-Swift.debug.xcconfig */,
				A355EA5563ED1E4D9A58161E /* Pods-TblRelayout-Swift.release.xcconfig */,
				B01B9C9889C93B58AEE084D9 /* Pods-TblRelayout-SwiftTests.debug.xcconfig */,
				A65B35B6A67A55BDC13E5E7A /* Pods-TblRelayout-SwiftTests.release.xcconfig */,
			);
			name = Pods;
			sourceTree = "<group>";
		};
		A88BDDDD21D5D317006A5262 = {
			isa = PBXGroup;
			children = (
				A88BDDE821D5D317006A5262 /* TblRelayout-Swift */,
				AC0BFA92221A989200006209 /* TblRelayout-SwiftTests */,
				A88BDDE721D5D317006A5262 /* Products */,
				62285D84415D43650F040E33 /* Pods */,
				EA3E2E7AD729074EE2E3F7A1 /* Frameworks */,
			);
			sourceTree = "<group>";
		};
		A88BDDE721D5D317006A5262 /* Products */ = {
			isa = PBXGroup;
			children = (
				A88BDDE621D5D317006A5262 /* TblRelayout-Swift.app */,
				AC0BFA91221A989200006209 /* TblRelayout-SwiftTests.xctest */,
			);
			name = Products;
			sourceTree = "<group>";
		};
		A88BDDE821D5D317006A5262 /* TblRelayout-Swift */ = {
			isa = PBXGroup;
			children = (
				A88BDDE921D5D317006A5262 /* AppDelegate.swift */,
				A88BDDEB21D5D317006A5262 /* ViewController.swift */,
				A88BDDED21D5D317006A5262 /* Main.storyboard */,
				A88BDDF021D5D319006A5262 /* Assets.xcassets */,
				A88BDDF221D5D319006A5262 /* LaunchScreen.storyboard */,
				A88BDDF521D5D319006A5262 /* Info.plist */,
				A88BDDFB21D5D52A006A5262 /* TTableViewCell.swift */,
				A88BDDFC21D5D52A006A5262 /* TTableViewCell.xib */,
			);
			path = "TblRelayout-Swift";
			sourceTree = "<group>";
		};
		AC0BFA92221A989200006209 /* TblRelayout-SwiftTests */ = {
			isa = PBXGroup;
			children = (
				AC0BFA93221A989200006209 /* TblRelayout_SwiftTests.swift */,
				AC0BFA95221A989200006209 /* Info.plist */,
			);
			path = "TblRelayout-SwiftTests";
			sourceTree = "<group>";
		};
		EA3E2E7AD729074EE2E3F7A1 /* Frameworks */ = {
			isa = PBXGroup;
			children = (
				17638EFF0C9A042C57C6BE98 /* Pods_TblRelayout_Swift.framework */,
				7EED0268B50517B874F90931 /* Pods_TblRelayout_SwiftTests.framework */,
			);
			name = Frameworks;
			sourceTree = "<group>";
		};
/* End PBXGroup section */

/* Begin PBXNativeTarget section */
		A88BDDE521D5D317006A5262 /* TblRelayout-Swift */ = {
			isa = PBXNativeTarget;
			buildConfigurationList = A88BDDF821D5D319006A5262 /* Build configuration list for PBXNativeTarget "TblRelayout-Swift" */;
			buildPhases = (
				4A8691933CF295F838FF20E8 /* [CP] Check Pods Manifest.lock */,
				A88BDDE221D5D317006A5262 /* Sources */,
				A88BDDE321D5D317006A5262 /* Frameworks */,
				A88BDDE421D5D317006A5262 /* Resources */,
				7F9C7E11188566445ACEE2A7 /* [CP] Embed Pods Frameworks */,
			);
			buildRules = (
			);
			dependencies = (
			);
			name = "TblRelayout-Swift";
			productName = "TblRelayout-Swift";
			productReference = A88BDDE621D5D317006A5262 /* TblRelayout-Swift.app */;
			productType = "com.apple.product-type.application";
		};
		AC0BFA90221A989200006209 /* TblRelayout-SwiftTests */ = {
			isa = PBXNativeTarget;
			buildConfigurationList = AC0BFA9A221A989200006209 /* Build configuration list for PBXNativeTarget "TblRelayout-SwiftTests" */;
			buildPhases = (
				D6CE48525181CD5738932AC4 /* [CP] Check Pods Manifest.lock */,
				AC0BFA8D221A989200006209 /* Sources */,
				AC0BFA8E221A989200006209 /* Frameworks */,
				AC0BFA8F221A989200006209 /* Resources */,
				01E2E4A7BDD4F44531809AB9 /* [CP] Embed Pods Frameworks */,
			);
			buildRules = (
			);
			dependencies = (
				AC0BFA97221A989200006209 /* PBXTargetDependency */,
			);
			name = "TblRelayout-SwiftTests";
			productName = "TblRelayout-SwiftTests";
			productReference = AC0BFA91221A989200006209 /* TblRelayout-SwiftTests.xctest */;
			productType = "com.apple.product-type.bundle.unit-test";
		};
/* End PBXNativeTarget section */

/* Begin PBXProject section */
		A88BDDDE21D5D317006A5262 /* Project object */ = {
			isa = PBXProject;
			attributes = {
				LastSwiftUpdateCheck = 1010;
				LastUpgradeCheck = 1000;
				ORGANIZATIONNAME = Cindy;
				TargetAttributes = {
					A88BDDE521D5D317006A5262 = {
						CreatedOnToolsVersion = 10.0;
					};
					AC0BFA90221A989200006209 = {
						CreatedOnToolsVersion = 10.1;
						TestTargetID = A88BDDE521D5D317006A5262;
					};
				};
			};
			buildConfigurationList = A88BDDE121D5D317006A5262 /* Build configuration list for PBXProject "TblRelayout-Swift" */;
			compatibilityVersion = "Xcode 9.3";
			developmentRegion = en;
			hasScannedForEncodings = 0;
			knownRegions = (
				en,
				Base,
			);
			mainGroup = A88BDDDD21D5D317006A5262;
			productRefGroup = A88BDDE721D5D317006A5262 /* Products */;
			projectDirPath = "";
			projectRoot = "";
			targets = (
				A88BDDE521D5D317006A5262 /* TblRelayout-Swift */,
				AC0BFA90221A989200006209 /* TblRelayout-SwiftTests */,
			);
		};
/* End PBXProject section */

/* Begin PBXResourcesBuildPhase section */
		A88BDDE421D5D317006A5262 /* Resources */ = {
			isa = PBXResourcesBuildPhase;
			buildActionMask = 2147483647;
			files = (
				A88BDDF421D5D319006A5262 /* LaunchScreen.storyboard in Resources */,
				A88BDDF121D5D319006A5262 /* Assets.xcassets in Resources */,
				A88BDDFE21D5D52A006A5262 /* TTableViewCell.xib in Resources */,
				A88BDDEF21D5D317006A5262 /* Main.storyboard in Resources */,
			);
			runOnlyForDeploymentPostprocessing = 0;
		};
		AC0BFA8F221A989200006209 /* Resources */ = {
			isa = PBXResourcesBuildPhase;
			buildActionMask = 2147483647;
			files = (
			);
			runOnlyForDeploymentPostprocessing = 0;
		};
/* End PBXResourcesBuildPhase section */

/* Begin PBXShellScriptBuildPhase section */
		01E2E4A7BDD4F44531809AB9 /* [CP] Embed Pods Frameworks */ = {
			isa = PBXShellScriptBuildPhase;
			buildActionMask = 2147483647;
			files = (
			);
			inputFileListPaths = (
			);
			inputPaths = (
				"${PODS_ROOT}/Target Support Files/Pods-TblRelayout-SwiftTests/Pods-TblRelayout-SwiftTests-frameworks.sh",
				"${BUILT_PRODUCTS_DIR}/Kingfisher/Kingfisher.framework",
			);
			name = "[CP] Embed Pods Frameworks";
			outputFileListPaths = (
			);
			outputPaths = (
				"${TARGET_BUILD_DIR}/${FRAMEWORKS_FOLDER_PATH}/Kingfisher.framework",
			);
			runOnlyForDeploymentPostprocessing = 0;
			shellPath = /bin/sh;
			shellScript = "\"${PODS_ROOT}/Target Support Files/Pods-TblRelayout-SwiftTests/Pods-TblRelayout-SwiftTests-frameworks.sh\"\n";
			showEnvVarsInLog = 0;
		};
		4A8691933CF295F838FF20E8 /* [CP] Check Pods Manifest.lock */ = {
			isa = PBXShellScriptBuildPhase;
			buildActionMask = 2147483647;
			files = (
			);
			inputPaths = (
				"${PODS_PODFILE_DIR_PATH}/Podfile.lock",
				"${PODS_ROOT}/Manifest.lock",
			);
			name = "[CP] Check Pods Manifest.lock";
			outputPaths = (
				"$(DERIVED_FILE_DIR)/Pods-TblRelayout-Swift-checkManifestLockResult.txt",
			);
			runOnlyForDeploymentPostprocessing = 0;
			shellPath = /bin/sh;
			shellScript = "diff \"${PODS_PODFILE_DIR_PATH}/Podfile.lock\" \"${PODS_ROOT}/Manifest.lock\" > /dev/null\nif [ $? != 0 ] ; then\n    # print error to STDERR\n    echo \"error: The sandbox is not in sync with the Podfile.lock. Run 'pod install' or update your CocoaPods installation.\" >&2\n    exit 1\nfi\n# This output is used by Xcode 'outputs' to avoid re-running this script phase.\necho \"SUCCESS\" > \"${SCRIPT_OUTPUT_FILE_0}\"\n";
			showEnvVarsInLog = 0;
		};
		7F9C7E11188566445ACEE2A7 /* [CP] Embed Pods Frameworks */ = {
			isa = PBXShellScriptBuildPhase;
			buildActionMask = 2147483647;
			files = (
			);
			inputPaths = (
				"${PODS_ROOT}/Target Support Files/Pods-TblRelayout-Swift/Pods-TblRelayout-Swift-frameworks.sh",
				"${BUILT_PRODUCTS_DIR}/Kingfisher/Kingfisher.framework",
			);
			name = "[CP] Embed Pods Frameworks";
			outputPaths = (
				"${TARGET_BUILD_DIR}/${FRAMEWORKS_FOLDER_PATH}/Kingfisher.framework",
			);
			runOnlyForDeploymentPostprocessing = 0;
			shellPath = /bin/sh;
			shellScript = "\"${PODS_ROOT}/Target Support Files/Pods-TblRelayout-Swift/Pods-TblRelayout-Swift-frameworks.sh\"\n";
			showEnvVarsInLog = 0;
		};
		D6CE48525181CD5738932AC4 /* [CP] Check Pods Manifest.lock */ = {
			isa = PBXShellScriptBuildPhase;
			buildActionMask = 2147483647;
			files = (
			);
			inputFileListPaths = (
			);
			inputPaths = (
				"${PODS_PODFILE_DIR_PATH}/Podfile.lock",
				"${PODS_ROOT}/Manifest.lock",
			);
			name = "[CP] Check Pods Manifest.lock";
			outputFileListPaths = (
			);
			outputPaths = (
				"$(DERIVED_FILE_DIR)/Pods-TblRelayout-SwiftTests-checkManifestLockResult.txt",
			);
			runOnlyForDeploymentPostprocessing = 0;
			shellPath = /bin/sh;
			shellScript = "diff \"${PODS_PODFILE_DIR_PATH}/Podfile.lock\" \"${PODS_ROOT}/Manifest.lock\" > /dev/null\nif [ $? != 0 ] ; then\n    # print error to STDERR\n    echo \"error: The sandbox is not in sync with the Podfile.lock. Run 'pod install' or update your CocoaPods installation.\" >&2\n    exit 1\nfi\n# This output is used by Xcode 'outputs' to avoid re-running this script phase.\necho \"SUCCESS\" > \"${SCRIPT_OUTPUT_FILE_0}\"\n";
			showEnvVarsInLog = 0;
		};
/* End PBXShellScriptBuildPhase section */

/* Begin PBXSourcesBuildPhase section */
		A88BDDE221D5D317006A5262 /* Sources */ = {
			isa = PBXSourcesBuildPhase;
			buildActionMask = 2147483647;
			files = (
				A88BDDEC21D5D317006A5262 /* ViewController.swift in Sources */,
				A88BDDFD21D5D52A006A5262 /* TTableViewCell.swift in Sources */,
				A88BDDEA21D5D317006A5262 /* AppDelegate.swift in Sources */,
			);
			runOnlyForDeploymentPostprocessing = 0;
		};
		AC0BFA8D221A989200006209 /* Sources */ = {
			isa = PBXSourcesBuildPhase;
			buildActionMask = 2147483647;
			files = (
				AC0BFA94221A989200006209 /* TblRelayout_SwiftTests.swift in Sources */,
			);
			runOnlyForDeploymentPostprocessing = 0;
		};
/* End PBXSourcesBuildPhase section */

/* Begin PBXTargetDependency section */
		AC0BFA97221A989200006209 /* PBXTargetDependency */ = {
			isa = PBXTargetDependency;
			target = A88BDDE521D5D317006A5262 /* TblRelayout-Swift */;
			targetProxy = AC0BFA96221A989200006209 /* PBXContainerItemProxy */;
		};
/* End PBXTargetDependency section */

/* Begin PBXVariantGroup section */
		A88BDDED21D5D317006A5262 /* Main.storyboard */ = {
			isa = PBXVariantGroup;
			children = (
				A88BDDEE21D5D317006A5262 /* Base */,
			);
			name = Main.storyboard;
			sourceTree = "<group>";
		};
		A88BDDF221D5D319006A5262 /* LaunchScreen.storyboard */ = {
			isa = PBXVariantGroup;
			children = (
				A88BDDF321D5D319006A5262 /* Base */,
			);
			name = LaunchScreen.storyboard;
			sourceTree = "<group>";
		};
/* End PBXVariantGroup section */

/* Begin XCBuildConfiguration section */
		A88BDDF621D5D319006A5262 /* Debug */ = {
			isa = XCBuildConfiguration;
			buildSettings = {
				ALWAYS_SEARCH_USER_PATHS = NO;
				CLANG_ANALYZER_NONNULL = YES;
				CLANG_ANALYZER_NUMBER_OBJECT_CONVERSION = YES_AGGRESSIVE;
				CLANG_CXX_LANGUAGE_STANDARD = "gnu++14";
				CLANG_CXX_LIBRARY = "libc++";
				CLANG_ENABLE_MODULES = YES;
				CLANG_ENABLE_OBJC_ARC = YES;
				CLANG_ENABLE_OBJC_WEAK = YES;
				CLANG_WARN_BLOCK_CAPTURE_AUTORELEASING = YES;
				CLANG_WARN_BOOL_CONVERSION = YES;
				CLANG_WARN_COMMA = YES;
				CLANG_WARN_CONSTANT_CONVERSION = YES;
				CLANG_WARN_DEPRECATED_OBJC_IMPLEMENTATIONS = YES;
				CLANG_WARN_DIRECT_OBJC_ISA_USAGE = YES_ERROR;
				CLANG_WARN_DOCUMENTATION_COMMENTS = YES;
				CLANG_WARN_EMPTY_BODY = YES;
				CLANG_WARN_ENUM_CONVERSION = YES;
				CLANG_WARN_INFINITE_RECURSION = YES;
				CLANG_WARN_INT_CONVERSION = YES;
				CLANG_WARN_NON_LITERAL_NULL_CONVERSION = YES;
				CLANG_WARN_OBJC_IMPLICIT_RETAIN_SELF = YES;
				CLANG_WARN_OBJC_LITERAL_CONVERSION = YES;
				CLANG_WARN_OBJC_ROOT_CLASS = YES_ERROR;
				CLANG_WARN_RANGE_LOOP_ANALYSIS = YES;
				CLANG_WARN_STRICT_PROTOTYPES = YES;
				CLANG_WARN_SUSPICIOUS_MOVE = YES;
				CLANG_WARN_UNGUARDED_AVAILABILITY = YES_AGGRESSIVE;
				CLANG_WARN_UNREACHABLE_CODE = YES;
				CLANG_WARN__DUPLICATE_METHOD_MATCH = YES;
				CODE_SIGN_IDENTITY = "iPhone Developer";
				COPY_PHASE_STRIP = NO;
				DEBUG_INFORMATION_FORMAT = dwarf;
				ENABLE_STRICT_OBJC_MSGSEND = YES;
				ENABLE_TESTABILITY = YES;
				GCC_C_LANGUAGE_STANDARD = gnu11;
				GCC_DYNAMIC_NO_PIC = NO;
				GCC_NO_COMMON_BLOCKS = YES;
				GCC_OPTIMIZATION_LEVEL = 0;
				GCC_PREPROCESSOR_DEFINITIONS = (
					"DEBUG=1",
					"$(inherited)",
				);
				GCC_WARN_64_TO_32_BIT_CONVERSION = YES;
				GCC_WARN_ABOUT_RETURN_TYPE = YES_ERROR;
				GCC_WARN_UNDECLARED_SELECTOR = YES;
				GCC_WARN_UNINITIALIZED_AUTOS = YES_AGGRESSIVE;
				GCC_WARN_UNUSED_FUNCTION = YES;
				GCC_WARN_UNUSED_VARIABLE = YES;
				IPHONEOS_DEPLOYMENT_TARGET = 12.0;
				MTL_ENABLE_DEBUG_INFO = INCLUDE_SOURCE;
				MTL_FAST_MATH = YES;
				ONLY_ACTIVE_ARCH = YES;
				SDKROOT = iphoneos;
				SWIFT_ACTIVE_COMPILATION_CONDITIONS = DEBUG;
				SWIFT_OPTIMIZATION_LEVEL = "-Onone";
			};
			name = Debug;
		};
		A88BDDF721D5D319006A5262 /* Release */ = {
			isa = XCBuildConfiguration;
			buildSettings = {
				ALWAYS_SEARCH_USER_PATHS = NO;
				CLANG_ANALYZER_NONNULL = YES;
				CLANG_ANALYZER_NUMBER_OBJECT_CONVERSION = YES_AGGRESSIVE;
				CLANG_CXX_LANGUAGE_STANDARD = "gnu++14";
				CLANG_CXX_LIBRARY = "libc++";
				CLANG_ENABLE_MODULES = YES;
				CLANG_ENABLE_OBJC_ARC = YES;
				CLANG_ENABLE_OBJC_WEAK = YES;
				CLANG_WARN_BLOCK_CAPTURE_AUTORELEASING = YES;
				CLANG_WARN_BOOL_CONVERSION = YES;
				CLANG_WARN_COMMA = YES;
				CLANG_WARN_CONSTANT_CONVERSION = YES;
				CLANG_WARN_DEPRECATED_OBJC_IMPLEMENTATIONS = YES;
				CLANG_WARN_DIRECT_OBJC_ISA_USAGE = YES_ERROR;
				CLANG_WARN_DOCUMENTATION_COMMENTS = YES;
				CLANG_WARN_EMPTY_BODY = YES;
				CLANG_WARN_ENUM_CONVERSION = YES;
				CLANG_WARN_INFINITE_RECURSION = YES;
				CLANG_WARN_INT_CONVERSION = YES;
				CLANG_WARN_NON_LITERAL_NULL_CONVERSION = YES;
				CLANG_WARN_OBJC_IMPLICIT_RETAIN_SELF = YES;
				CLANG_WARN_OBJC_LITERAL_CONVERSION = YES;
				CLANG_WARN_OBJC_ROOT_CLASS = YES_ERROR;
				CLANG_WARN_RANGE_LOOP_ANALYSIS = YES;
				CLANG_WARN_STRICT_PROTOTYPES = YES;
				CLANG_WARN_SUSPICIOUS_MOVE = YES;
				CLANG_WARN_UNGUARDED_AVAILABILITY = YES_AGGRESSIVE;
				CLANG_WARN_UNREACHABLE_CODE = YES;
				CLANG_WARN__DUPLICATE_METHOD_MATCH = YES;
				CODE_SIGN_IDENTITY = "iPhone Developer";
				COPY_PHASE_STRIP = NO;
				DEBUG_INFORMATION_FORMAT = "dwarf-with-dsym";
				ENABLE_NS_ASSERTIONS = NO;
				ENABLE_STRICT_OBJC_MSGSEND = YES;
				GCC_C_LANGUAGE_STANDARD = gnu11;
				GCC_NO_COMMON_BLOCKS = YES;
				GCC_WARN_64_TO_32_BIT_CONVERSION = YES;
				GCC_WARN_ABOUT_RETURN_TYPE = YES_ERROR;
				GCC_WARN_UNDECLARED_SELECTOR = YES;
				GCC_WARN_UNINITIALIZED_AUTOS = YES_AGGRESSIVE;
				GCC_WARN_UNUSED_FUNCTION = YES;
				GCC_WARN_UNUSED_VARIABLE = YES;
				IPHONEOS_DEPLOYMENT_TARGET = 12.0;
				MTL_ENABLE_DEBUG_INFO = NO;
				MTL_FAST_MATH = YES;
				SDKROOT = iphoneos;
				SWIFT_COMPILATION_MODE = wholemodule;
				SWIFT_OPTIMIZATION_LEVEL = "-O";
				VALIDATE_PRODUCT = YES;
			};
			name = Release;
		};
		A88BDDF921D5D319006A5262 /* Debug */ = {
			isa = XCBuildConfiguration;
			baseConfigurationReference = 035E9447041C130FBE3EDEBD /* Pods-TblRelayout-Swift.debug.xcconfig */;
			buildSettings = {
				ASSETCATALOG_COMPILER_APPICON_NAME = AppIcon;
				CODE_SIGN_STYLE = Manual;
				DEVELOPMENT_TEAM = 6P7LJS7G56;
				INFOPLIST_FILE = "TblRelayout-Swift/Info.plist";
				IPHONEOS_DEPLOYMENT_TARGET = 10.0;
				LD_RUNPATH_SEARCH_PATHS = (
					"$(inherited)",
					"@executable_path/Frameworks",
				);
				PRODUCT_BUNDLE_IDENTIFIER = com.mildgrind.devtest;
				PRODUCT_NAME = "$(TARGET_NAME)";
				PROVISIONING_PROFILE_SPECIFIER = DevTest;
				SWIFT_VERSION = 4.2;
				TARGETED_DEVICE_FAMILY = "1,2";
			};
			name = Debug;
		};
		A88BDDFA21D5D319006A5262 /* Release */ = {
			isa = XCBuildConfiguration;
			baseConfigurationReference = A355EA5563ED1E4D9A58161E /* Pods-TblRelayout-Swift.release.xcconfig */;
			buildSettings = {
				ASSETCATALOG_COMPILER_APPICON_NAME = AppIcon;
				CODE_SIGN_STYLE = Manual;
				DEVELOPMENT_TEAM = 6P7LJS7G56;
				INFOPLIST_FILE = "TblRelayout-Swift/Info.plist";
				IPHONEOS_DEPLOYMENT_TARGET = 10.0;
				LD_RUNPATH_SEARCH_PATHS = (
					"$(inherited)",
					"@executable_path/Frameworks",
				);
				PRODUCT_BUNDLE_IDENTIFIER = com.mildgrind.devtest;
				PRODUCT_NAME = "$(TARGET_NAME)";
				PROVISIONING_PROFILE_SPECIFIER = DevTest;
				SWIFT_VERSION = 4.2;
				TARGETED_DEVICE_FAMILY = "1,2";
			};
			name = Release;
		};
		AC0BFA98221A989200006209 /* Debug */ = {
			isa = XCBuildConfiguration;
			baseConfigurationReference = B01B9C9889C93B58AEE084D9 /* Pods-TblRelayout-SwiftTests.debug.xcconfig */;
			buildSettings = {
				BUNDLE_LOADER = "$(TEST_HOST)";
				CODE_SIGN_STYLE = Automatic;
				DEVELOPMENT_TEAM = NEEK5ZHF5F;
				INFOPLIST_FILE = "TblRelayout-SwiftTests/Info.plist";
				IPHONEOS_DEPLOYMENT_TARGET = 12.1;
				LD_RUNPATH_SEARCH_PATHS = (
					"$(inherited)",
					"@executable_path/Frameworks",
					"@loader_path/Frameworks",
				);
				PRODUCT_BUNDLE_IDENTIFIER = "com.appledaily.TblRelayout-SwiftTests";
				PRODUCT_NAME = "$(TARGET_NAME)";
				SWIFT_VERSION = 4.2;
				TARGETED_DEVICE_FAMILY = "1,2";
				TEST_HOST = "$(BUILT_PRODUCTS_DIR)/TblRelayout-Swift.app/TblRelayout-Swift";
			};
			name = Debug;
		};
		AC0BFA99221A989200006209 /* Release */ = {
			isa = XCBuildConfiguration;
			baseConfigurationReference = A65B35B6A67A55BDC13E5E7A /* Pods-TblRelayout-SwiftTests.release.xcconfig */;
			buildSettings = {
				BUNDLE_LOADER = "$(TEST_HOST)";
				CODE_SIGN_STYLE = Automatic;
				DEVELOPMENT_TEAM = NEEK5ZHF5F;
				INFOPLIST_FILE = "TblRelayout-SwiftTests/Info.plist";
				IPHONEOS_DEPLOYMENT_TARGET = 12.1;
				LD_RUNPATH_SEARCH_PATHS = (
					"$(inherited)",
					"@executable_path/Frameworks",
					"@loader_path/Frameworks",
				);
				PRODUCT_BUNDLE_IDENTIFIER = "com.appledaily.TblRelayout-SwiftTests";
				PRODUCT_NAME = "$(TARGET_NAME)";
				SWIFT_VERSION = 4.2;
				TARGETED_DEVICE_FAMILY = "1,2";
				TEST_HOST = "$(BUILT_PRODUCTS_DIR)/TblRelayout-Swift.app/TblRelayout-Swift";
			};
			name = Release;
		};
/* End XCBuildConfiguration section */

/* Begin XCConfigurationList section */
		A88BDDE121D5D317006A5262 /* Build configuration list for PBXProject "TblRelayout-Swift" */ = {
			isa = XCConfigurationList;
			buildConfigurations = (
				A88BDDF621D5D319006A5262 /* Debug */,
				A88BDDF721D5D319006A5262 /* Release */,
			);
			defaultConfigurationIsVisible = 0;
			defaultConfigurationName = Release;
		};
		A88BDDF821D5D319006A5262 /* Build configuration list for PBXNativeTarget "TblRelayout-Swift" */ = {
			isa = XCConfigurationList;
			buildConfigurations = (
				A88BDDF921D5D319006A5262 /* Debug */,
				A88BDDFA21D5D319006A5262 /* Release */,
			);
			defaultConfigurationIsVisible = 0;
			defaultConfigurationName = Release;
		};
		AC0BFA9A221A989200006209 /* Build configuration list for PBXNativeTarget "TblRelayout-SwiftTests" */ = {
			isa = XCConfigurationList;
			buildConfigurations = (
				AC0BFA98221A989200006209 /* Debug */,
				AC0BFA99221A989200006209 /* Release */,
			);
			defaultConfigurationIsVisible = 0;
			defaultConfigurationName = Release;
		};
/* End XCConfigurationList section */
	};
	rootObject = A88BDDDE21D5D317006A5262 /* Project object */;
}
